Microsoft Visual Studio Solution File, Format Version 12.00
# Visual Studio Version 17
VisualStudioVersion = 17.5.2.0
MinimumVisualStudioVersion = 10.0.40219.1
Project("{FAE04EC0-301F-11D3-BF4B-00C04F79EFBC}") = "EmployeeManagmenetApi", "EmployeeManagmenetApi.csproj", "{3C92DD81-2646-EAAC-E755-AD2E6F331D57}"
EndProject
Global
	GlobalSection(SolutionConfigurationPlatforms) = preSolution
		Debug|Any CPU = Debug|Any CPU
		Release|Any CPU = Release|Any CPU
	EndGlobalSection
	GlobalSection(ProjectConfigurationPlatforms) = postSolution
		{3C92DD81-2646-EAAC-E755-AD2E6F331D57}.Debug|Any CPU.ActiveCfg = Debug|Any CPU
		{3C92DD81-2646-EAAC-E755-AD2E6F331D57}.Debug|Any CPU.Build.0 = Debug|Any CPU
		{3C92DD81-2646-EAAC-E755-AD2E6F331D57}.Release|Any CPU.ActiveCfg = Release|Any CPU
		{3C92DD81-2646-EAAC-E755-AD2E6F331D57}.Release|Any CPU.Build.0 = Release|Any CPU
	EndGlobalSection
	GlobalSection(SolutionProperties) = preSolution
		HideSolutionNode = FALSE
	EndGlobalSection
	GlobalSection(ExtensibilityGlobals) = postSolution
		SolutionGuid = {8034B712-19E2-4C6D-97BD-060FF1D727EC}
	EndGlobalSection
EndGlobal
